
Microsoft Visual Studio Solution File, Format Version 12.00
# Visual Studio Version 16
VisualStudioVersion = 16.0.31005.135
MinimumVisualStudioVersion = 10.0.40219.1
Project("{FAE04EC0-301F-11D3-BF4B-00C04F79EFBC}") = "LAB4VECTOR3D", "LAB4VECTOR3D\LAB4VECTOR3D.csproj", "{2BE782DE-AF1A-42B4-B4B8-6B9503B39EE9}"
EndProject
Global
	GlobalSection(SolutionConfigurationPlatforms) = preSolution
		Debug|Any CPU = Debug|Any CPU
		Release|Any CPU = Release|Any CPU
	EndGlobalSection
	GlobalSection(ProjectConfigurationPlatforms) = postSolution
		{2BE782DE-AF1A-42B4-B4B8-6B9503B39EE9}.Debug|Any CPU.ActiveCfg = Debug|Any CPU
		{2BE782DE-AF1A-42B4-B4B8-6B9503B39EE9}.Debug|Any CPU.Build.0 = Debug|Any CPU
		{2BE782DE-AF1A-42B4-B4B8-6B9503B39EE9}.Release|Any CPU.ActiveCfg = Release|Any CPU
		{2BE782DE-AF1A-42B4-B4B8-6B9503B39EE9}.Release|Any CPU.Build.0 = Release|Any CPU
	EndGlobalSection
	GlobalSection(SolutionProperties) = preSolution
		HideSolutionNode = FALSE
	EndGlobalSection
	GlobalSection(ExtensibilityGlobals) = postSolution
		SolutionGuid = {1FF40057-CC9A-4CD2-BE9F-ADCD80AA99BC}
	EndGlobalSection
EndGlobal
