
Microsoft Visual Studio Solution File, Format Version 12.00
# Visual Studio Version 16
VisualStudioVersion = 16.0.31112.23
MinimumVisualStudioVersion = 10.0.40219.1
Project("{FAE04EC0-301F-11D3-BF4B-00C04F79EFBC}") = "TimerConsoleN7", "TimerConsoleN7\TimerConsoleN7.csproj", "{FB659A49-62CF-4E02-88B7-080D4BB3F6DB}"
EndProject
Global
	GlobalSection(SolutionConfigurationPlatforms) = preSolution
		Debug|Any CPU = Debug|Any CPU
		Release|Any CPU = Release|Any CPU
	EndGlobalSection
	GlobalSection(ProjectConfigurationPlatforms) = postSolution
		{FB659A49-62CF-4E02-88B7-080D4BB3F6DB}.Debug|Any CPU.ActiveCfg = Debug|Any CPU
		{FB659A49-62CF-4E02-88B7-080D4BB3F6DB}.Debug|Any CPU.Build.0 = Debug|Any CPU
		{FB659A49-62CF-4E02-88B7-080D4BB3F6DB}.Release|Any CPU.ActiveCfg = Release|Any CPU
		{FB659A49-62CF-4E02-88B7-080D4BB3F6DB}.Release|Any CPU.Build.0 = Release|Any CPU
	EndGlobalSection
	GlobalSection(SolutionProperties) = preSolution
		HideSolutionNode = FALSE
	EndGlobalSection
	GlobalSection(ExtensibilityGlobals) = postSolution
		SolutionGuid = {E19DE269-3A16-4C3B-8BE5-F69A07BAD45F}
	EndGlobalSection
EndGlobal
