
Microsoft Visual Studio Solution File, Format Version 12.00
# Visual Studio Version 16
VisualStudioVersion = 16.0.31112.23
MinimumVisualStudioVersion = 10.0.40219.1
Project("{FAE04EC0-301F-11D3-BF4B-00C04F79EFBC}") = "Lab N9.1", "Lab N9.1\Lab N9.1.csproj", "{0B955EA8-DCA0-4DE5-B210-EDEBB881CB68}"
EndProject
Global
	GlobalSection(SolutionConfigurationPlatforms) = preSolution
		Debug|Any CPU = Debug|Any CPU
		Release|Any CPU = Release|Any CPU
	EndGlobalSection
	GlobalSection(ProjectConfigurationPlatforms) = postSolution
		{0B955EA8-DCA0-4DE5-B210-EDEBB881CB68}.Debug|Any CPU.ActiveCfg = Debug|Any CPU
		{0B955EA8-DCA0-4DE5-B210-EDEBB881CB68}.Debug|Any CPU.Build.0 = Debug|Any CPU
		{0B955EA8-DCA0-4DE5-B210-EDEBB881CB68}.Release|Any CPU.ActiveCfg = Release|Any CPU
		{0B955EA8-DCA0-4DE5-B210-EDEBB881CB68}.Release|Any CPU.Build.0 = Release|Any CPU
	EndGlobalSection
	GlobalSection(SolutionProperties) = preSolution
		HideSolutionNode = FALSE
	EndGlobalSection
	GlobalSection(ExtensibilityGlobals) = postSolution
		SolutionGuid = {4C1A8B59-2537-417F-B6B5-CDC229477BD1}
	EndGlobalSection
EndGlobal
